
Microsoft Visual Studio Solution File, Format Version 12.00
# Visual Studio Version 17
VisualStudioVersion = 17.5.002.0
MinimumVisualStudioVersion = 10.0.40219.1
Project("{2150E333-8FDC-42A3-9474-1A3956D46DE8}") = "csharp-arrays_lists_dictionaries", "csharp-arrays_lists_dictionaries", "{46B83766-5901-45EC-8084-90FD176AB014}"
EndProject
Project("{9A19103F-16F7-4668-BE54-9A1E7A4F7556}") = "0-print_array", "csharp-arrays_lists_dictionaries\0-print_array\0-print_array.csproj", "{60D1FA80-00BF-4369-8B02-C07FC452044E}"
EndProject
Project("{9A19103F-16F7-4668-BE54-9A1E7A4F7556}") = "1-element_at", "csharp-arrays_lists_dictionaries\1-element_at\1-element_at.csproj", "{53AE57D2-EBC6-4458-9213-324D74136058}"
EndProject
Project("{9A19103F-16F7-4668-BE54-9A1E7A4F7556}") = "10-delete_key_value", "csharp-arrays_lists_dictionaries\10-delete_key_value\10-delete_key_value.csproj", "{218A7584-9D4A-4E23-B2F5-B2E20FEF8895}"
EndProject
Project("{9A19103F-16F7-4668-BE54-9A1E7A4F7556}") = "100-jagged_array", "csharp-arrays_lists_dictionaries\100-jagged_array\100-jagged_array.csproj", "{AE337CE8-9E51-4437-8B21-F26BE76C9B27}"
EndProject
Project("{9A19103F-16F7-4668-BE54-9A1E7A4F7556}") = "11-multiply_by_2", "csharp-arrays_lists_dictionaries\11-multiply_by_2\11-multiply_by_2.csproj", "{7334AB09-0983-4BDB-908E-2DD2BEA021A6}"
EndProject
Project("{9A19103F-16F7-4668-BE54-9A1E7A4F7556}") = "12-print_sorted_dictionary", "csharp-arrays_lists_dictionaries\12-print_sorted_dictionary\12-print_sorted_dictionary.csproj", "{9F05D9F1-2AE9-499D-AF40-673FDB41EDD9}"
EndProject
Project("{9A19103F-16F7-4668-BE54-9A1E7A4F7556}") = "13-best_score", "csharp-arrays_lists_dictionaries\13-best_score\13-best_score.csproj", "{AFF54644-DF91-400E-9299-6C4A429ED892}"
EndProject
Project("{9A19103F-16F7-4668-BE54-9A1E7A4F7556}") = "14-rectangular_array", "csharp-arrays_lists_dictionaries\14-rectangular_array\14-rectangular_array.csproj", "{8F139D4D-56DE-48F8-9075-F6E5CBA1BFF9}"
EndProject
Project("{9A19103F-16F7-4668-BE54-9A1E7A4F7556}") = "15-square_matrix", "csharp-arrays_lists_dictionaries\15-square_matrix\15-square_matrix.csproj", "{828DAF81-6B75-4BC4-9F60-F013605B7E09}"
EndProject
Project("{9A19103F-16F7-4668-BE54-9A1E7A4F7556}") = "2-replace_element", "csharp-arrays_lists_dictionaries\2-replace_element\2-replace_element.csproj", "{FFDC7AE4-8085-4557-8FD2-62EC2281AD5D}"
EndProject
Project("{9A19103F-16F7-4668-BE54-9A1E7A4F7556}") = "3-print_array_reverse", "csharp-arrays_lists_dictionaries\3-print_array_reverse\3-print_array_reverse.csproj", "{8859E9C6-1ED5-468A-9917-E08E9431AD06}"
EndProject
Project("{9A19103F-16F7-4668-BE54-9A1E7A4F7556}") = "4-print_list", "csharp-arrays_lists_dictionaries\4-print_list\4-print_list.csproj", "{AFF3745E-1CD8-46BC-B478-42364A3A888F}"
EndProject
Project("{9A19103F-16F7-4668-BE54-9A1E7A4F7556}") = "5-max_integer", "csharp-arrays_lists_dictionaries\5-max_integer\5-max_integer.csproj", "{C3A50C1A-ECD5-4ACF-875C-F2DCF14D638A}"
EndProject
Project("{9A19103F-16F7-4668-BE54-9A1E7A4F7556}") = "6-divisible_by_2", "csharp-arrays_lists_dictionaries\6-divisible_by_2\6-divisible_by_2.csproj", "{E9FD15D2-DE12-45D1-91C6-4864992DF628}"
EndProject
Project("{9A19103F-16F7-4668-BE54-9A1E7A4F7556}") = "7-delete_at", "csharp-arrays_lists_dictionaries\7-delete_at\7-delete_at.csproj", "{04918787-113C-4398-8654-116A8CF68186}"
EndProject
Project("{9A19103F-16F7-4668-BE54-9A1E7A4F7556}") = "8-number_keys", "csharp-arrays_lists_dictionaries\8-number_keys\8-number_keys.csproj", "{64B6D090-E54A-4ABC-8154-50199F0C5502}"
EndProject
Project("{9A19103F-16F7-4668-BE54-9A1E7A4F7556}") = "9-add_key_value", "csharp-arrays_lists_dictionaries\9-add_key_value\9-add_key_value.csproj", "{2A4A0E46-1A00-4401-88ED-7DA58FC6E5AD}"
EndProject
Project("{2150E333-8FDC-42A3-9474-1A3956D46DE8}") = "csharp-exceptions", "csharp-exceptions", "{72C07A56-B108-4989-8135-FDC2691F586F}"
EndProject
Project("{9A19103F-16F7-4668-BE54-9A1E7A4F7556}") = "0-safe_list_print", "csharp-exceptions\0-safe_list_print\0-safe_list_print.csproj", "{4B37FE21-F34B-4FD9-81CC-3CADDAA64B59}"
EndProject
Project("{9A19103F-16F7-4668-BE54-9A1E7A4F7556}") = "1-divide_print", "csharp-exceptions\1-divide_print\1-divide_print.csproj", "{A8EC8C0E-8935-4222-AF62-7668F7B8AF43}"
EndProject
Project("{9A19103F-16F7-4668-BE54-9A1E7A4F7556}") = "2-divide_lists", "csharp-exceptions\2-divide_lists\2-divide_lists.csproj", "{14CF7759-92D6-4824-90FC-0CF2051E9F21}"
EndProject
Project("{9A19103F-16F7-4668-BE54-9A1E7A4F7556}") = "3-throw_exception", "csharp-exceptions\3-throw_exception\3-throw_exception.csproj", "{13DF9CF8-B9E2-4FB1-B5F7-BCB47686AEA2}"
EndProject
Project("{9A19103F-16F7-4668-BE54-9A1E7A4F7556}") = "4-throw_exception_msg", "csharp-exceptions\4-throw_exception_msg\4-throw_exception_msg.csproj", "{D7A04BC8-80B2-4697-865F-1D5D8F5B6DB5}"
EndProject
Project("{2150E333-8FDC-42A3-9474-1A3956D46DE8}") = "csharp-hashset_stack_queue_linkedlist", "csharp-hashset_stack_queue_linkedlist", "{E70D5D77-0107-4289-9C10-389A50B123CF}"
EndProject
Project("{9A19103F-16F7-4668-BE54-9A1E7A4F7556}") = "0-unique_add", "csharp-hashset_stack_queue_linkedlist\0-unique_add\0-unique_add.csproj", "{E18D935D-C570-4C6A-AE3D-0454CEB38D5D}"
EndProject
Project("{9A19103F-16F7-4668-BE54-9A1E7A4F7556}") = "1-common_elements", "csharp-hashset_stack_queue_linkedlist\1-common_elements\1-common_elements.csproj", "{5BC0C93C-8479-4784-A8A0-F3EA3F7D932B}"
EndProject
Project("{9A19103F-16F7-4668-BE54-9A1E7A4F7556}") = "10-linkedlist_get_node", "csharp-hashset_stack_queue_linkedlist\10-linkedlist_get_node\10-linkedlist_get_node.csproj", "{AE36B531-99AE-45F2-A491-8C3709E832AD}"
EndProject
Project("{9A19103F-16F7-4668-BE54-9A1E7A4F7556}") = "11-linkedlist_sum", "csharp-hashset_stack_queue_linkedlist\11-linkedlist_sum\11-linkedlist_sum.csproj", "{65BEC4CF-7B16-4C83-8089-2B2E5B076AC5}"
EndProject
Project("{9A19103F-16F7-4668-BE54-9A1E7A4F7556}") = "12-linkedlist_insert", "csharp-hashset_stack_queue_linkedlist\12-linkedlist_insert\12-linkedlist_insert.csproj", "{BA3130DE-F13F-4C99-9B02-0E7BD1739AB4}"
EndProject
Project("{9A19103F-16F7-4668-BE54-9A1E7A4F7556}") = "13-linkedlist_delete", "csharp-hashset_stack_queue_linkedlist\13-linkedlist_delete\13-linkedlist_delete.csproj", "{C96B0662-C230-41F1-BC43-5BA16A57E40E}"
EndProject
Project("{9A19103F-16F7-4668-BE54-9A1E7A4F7556}") = "2-different_elements", "csharp-hashset_stack_queue_linkedlist\2-different_elements\2-different_elements.csproj", "{93ABEE67-FACC-42CA-928E-7A526EE1108F}"
EndProject
Project("{9A19103F-16F7-4668-BE54-9A1E7A4F7556}") = "3-stack_push_pop", "csharp-hashset_stack_queue_linkedlist\3-stack_push_pop\3-stack_push_pop.csproj", "{92AF6C31-619F-4CF5-B742-929D7E4F81D6}"
EndProject
Project("{9A19103F-16F7-4668-BE54-9A1E7A4F7556}") = "4-queue_enqueue_dequeue", "csharp-hashset_stack_queue_linkedlist\4-queue_enqueue_dequeue\4-queue_enqueue_dequeue.csproj", "{13763049-D7F9-4EEA-9014-AB905726390A}"
EndProject
Project("{9A19103F-16F7-4668-BE54-9A1E7A4F7556}") = "5-print_linkedlist", "csharp-hashset_stack_queue_linkedlist\5-print_linkedlist\5-print_linkedlist.csproj", "{36F530DF-9663-47FB-A6FA-A9D52675DB8A}"
EndProject
Project("{9A19103F-16F7-4668-BE54-9A1E7A4F7556}") = "6-linkedlist_length", "csharp-hashset_stack_queue_linkedlist\6-linkedlist_length\6-linkedlist_length.csproj", "{D6EE192D-4F62-4DED-AE95-62014DED5B95}"
EndProject
Project("{9A19103F-16F7-4668-BE54-9A1E7A4F7556}") = "7-linkedlist_add", "csharp-hashset_stack_queue_linkedlist\7-linkedlist_add\7-linkedlist_add.csproj", "{FA1EB25B-9310-47D8-8957-E2FE55CF3D8E}"
EndProject
Project("{9A19103F-16F7-4668-BE54-9A1E7A4F7556}") = "8-linkedlist_find", "csharp-hashset_stack_queue_linkedlist\8-linkedlist_find\8-linkedlist_find.csproj", "{542159E3-5BE1-458F-A71D-2BEC3EECD401}"
EndProject
Project("{9A19103F-16F7-4668-BE54-9A1E7A4F7556}") = "9-linkedlist_pop", "csharp-hashset_stack_queue_linkedlist\9-linkedlist_pop\9-linkedlist_pop.csproj", "{B0D2B2CD-7D4C-4F11-B07A-E5D5B56C0316}"
EndProject
Project("{2150E333-8FDC-42A3-9474-1A3956D46DE8}") = "csharp-hello_world", "csharp-hello_world", "{4AAFA62E-AF7D-4E11-B4BB-6D81942FC44B}"
EndProject
Project("{9A19103F-16F7-4668-BE54-9A1E7A4F7556}") = "0-new_project", "csharp-hello_world\0-new_project\0-new_project.csproj", "{09E508C7-9EDE-4A7F-88E6-22F76672E3EC}"
EndProject
Project("{9A19103F-16F7-4668-BE54-9A1E7A4F7556}") = "1-new_project", "csharp-hello_world\1-new_project\1-new_project.csproj", "{88C29B6E-B352-4EBC-96D7-C19644C05EF3}"
EndProject
Project("{9A19103F-16F7-4668-BE54-9A1E7A4F7556}") = "10-copy_cut_paste", "csharp-hello_world\10-copy_cut_paste\10-copy_cut_paste.csproj", "{D11080BA-9790-4B97-AB43-78CCFBBCEC80}"
EndProject
Project("{9A19103F-16F7-4668-BE54-9A1E7A4F7556}") = "100-hello_error", "csharp-hello_world\100-hello_error\100-hello_error.csproj", "{1DF879AF-F768-4282-ABBB-092D9C347B49}"
EndProject
Project("{9A19103F-16F7-4668-BE54-9A1E7A4F7556}") = "11-concat_edges", "csharp-hello_world\11-concat_edges\11-concat_edges.csproj", "{205407EC-D2C0-40D7-90D1-F2B1AB25E714}"
EndProject
Project("{9A19103F-16F7-4668-BE54-9A1E7A4F7556}") = "2-new_project", "csharp-hello_world\2-new_project\2-new_project.csproj", "{2AFB66D3-FEC9-415C-B726-2F82BFB158C1}"
EndProject
Project("{9A19103F-16F7-4668-BE54-9A1E7A4F7556}") = "3-writeline", "csharp-hello_world\3-writeline\3-writeline.csproj", "{ED5BAD57-AEA3-4B36-8AB7-6D2CC5E1BB98}"
EndProject
Project("{9A19103F-16F7-4668-BE54-9A1E7A4F7556}") = "4-print_integer", "csharp-hello_world\4-print_integer\4-print_integer.csproj", "{BF8958C8-35E4-478B-BBFC-FAE06BADA930}"
EndProject
Project("{9A19103F-16F7-4668-BE54-9A1E7A4F7556}") = "5-print_float", "csharp-hello_world\5-print_float\5-print_float.csproj", "{502051ED-89DE-4786-AE04-989CA691475E}"
EndProject
Project("{9A19103F-16F7-4668-BE54-9A1E7A4F7556}") = "6-print_string", "csharp-hello_world\6-print_string\6-print_string.csproj", "{24D5A0C0-322B-449F-8627-D726E220CDE2}"
EndProject
Project("{9A19103F-16F7-4668-BE54-9A1E7A4F7556}") = "7-concat", "csharp-hello_world\7-concat\7-concat.csproj", "{13815366-3DA8-4BF5-8F1E-E8F6955FC6F7}"
EndProject
Project("{9A19103F-16F7-4668-BE54-9A1E7A4F7556}") = "8-print_variables", "csharp-hello_world\8-print_variables\8-print_variables.csproj", "{B516DD0B-0EA6-4A27-99C1-5E61F0941D95}"
EndProject
Project("{9A19103F-16F7-4668-BE54-9A1E7A4F7556}") = "9-print_specifiers", "csharp-hello_world\9-print_specifiers\9-print_specifiers.csproj", "{B4776A10-1DC9-4546-B2B6-CD3FF10FC519}"
EndProject
Project("{2150E333-8FDC-42A3-9474-1A3956D46DE8}") = "csharp-ifelse_loops_methods", "csharp-ifelse_loops_methods", "{174BCFEC-F95E-4641-8B9A-54820980EB00}"
EndProject
Project("{9A19103F-16F7-4668-BE54-9A1E7A4F7556}") = "0-positive_or_negative", "csharp-ifelse_loops_methods\0-positive_or_negative\0-positive_or_negative.csproj", "{72B1C06B-2380-4A43-9E28-B266398CDA80}"
EndProject
Project("{9A19103F-16F7-4668-BE54-9A1E7A4F7556}") = "1-last_digit", "csharp-ifelse_loops_methods\1-last_digit\1-last_digit.csproj", "{4926549D-C2A1-4BBE-9DE3-353AC860AB80}"
EndProject
Project("{9A19103F-16F7-4668-BE54-9A1E7A4F7556}") = "10-print_line", "csharp-ifelse_loops_methods\10-print_line\10-print_line.csproj", "{2F475EE8-E1FD-49B8-A9CD-7FA981EE63D1}"
EndProject
Project("{9A19103F-16F7-4668-BE54-9A1E7A4F7556}") = "11-print_diagonal", "csharp-ifelse_loops_methods\11-print_diagonal\11-print_diagonal.csproj", "{F78A032A-B246-406A-B284-F6CDFA98EA05}"
EndProject
Project("{9A19103F-16F7-4668-BE54-9A1E7A4F7556}") = "12-fizzbuzz", "csharp-ifelse_loops_methods\12-fizzbuzz\12-fizzbuzz.csproj", "{E45DD1C0-C4E1-474A-8EC5-4C6547AB3482}"
EndProject
Project("{9A19103F-16F7-4668-BE54-9A1E7A4F7556}") = "2-print_alphabet", "csharp-ifelse_loops_methods\2-print_alphabet\2-print_alphabet.csproj", "{E63E4C86-044E-484F-A49E-9D6C954EC922}"
EndProject
Project("{9A19103F-16F7-4668-BE54-9A1E7A4F7556}") = "3-print_alphabt", "csharp-ifelse_loops_methods\3-print_alphabt\3-print_alphabt.csproj", "{2BDAB706-8BAA-45D4-8DE3-69DF6251599F}"
EndProject
Project("{9A19103F-16F7-4668-BE54-9A1E7A4F7556}") = "4-print_hexa", "csharp-ifelse_loops_methods\4-print_hexa\4-print_hexa.csproj", "{A1DC9EB3-1D96-4419-8AEB-798FB9C9DADF}"
EndProject
Project("{9A19103F-16F7-4668-BE54-9A1E7A4F7556}") = "5-print_comb", "csharp-ifelse_loops_methods\5-print_comb\5-print_comb.csproj", "{0C3E93DE-302D-46F7-A05F-1E0B8E72C633}"
EndProject
Project("{9A19103F-16F7-4668-BE54-9A1E7A4F7556}") = "6-print_comb2", "csharp-ifelse_loops_methods\6-print_comb2\6-print_comb2.csproj", "{96E51AA4-2523-406C-A7CE-4DED46D028A0}"
EndProject
Project("{9A19103F-16F7-4668-BE54-9A1E7A4F7556}") = "7-islower", "csharp-ifelse_loops_methods\7-islower\7-islower.csproj", "{C26C9E1E-0E6E-40BC-9994-BECCBF0DB5C9}"
EndProject
Project("{9A19103F-16F7-4668-BE54-9A1E7A4F7556}") = "8-print_last_digit", "csharp-ifelse_loops_methods\8-print_last_digit\8-print_last_digit.csproj", "{50F43BE1-D7A1-44C6-BE19-C50E1C9EA4D3}"
EndProject
Project("{9A19103F-16F7-4668-BE54-9A1E7A4F7556}") = "9-add", "csharp-ifelse_loops_methods\9-add\9-add.csproj", "{8B90D2FC-17CB-4DEC-A995-036C794DDAC0}"
EndProject
Project("{2150E333-8FDC-42A3-9474-1A3956D46DE8}") = "csharp-structs_enums", "csharp-structs_enums", "{C475BA0A-7086-426E-B3E6-32767C76ABE8}"
EndProject
Project("{9A19103F-16F7-4668-BE54-9A1E7A4F7556}") = "0-dog", "csharp-structs_enums\0-dog\0-dog.csproj", "{FF08D51F-46F4-4E26-8F17-AD37E3452A15}"
EndProject
Project("{9A19103F-16F7-4668-BE54-9A1E7A4F7556}") = "1-dog", "csharp-structs_enums\1-dog\1-dog.csproj", "{275B6B27-057F-462D-89DA-7D2C14601965}"
EndProject
Project("{9A19103F-16F7-4668-BE54-9A1E7A4F7556}") = "2-dog", "csharp-structs_enums\2-dog\2-dog.csproj", "{54E262FE-41E1-450A-BE3C-159CD8EA7E34}"
EndProject
Project("{9A19103F-16F7-4668-BE54-9A1E7A4F7556}") = "3-dog", "csharp-structs_enums\3-dog\3-dog.csproj", "{749B29BB-A057-45F1-89F4-E205C37FD0E2}"
EndProject
Global
	GlobalSection(SolutionConfigurationPlatforms) = preSolution
		Debug|Any CPU = Debug|Any CPU
		Release|Any CPU = Release|Any CPU
	EndGlobalSection
	GlobalSection(ProjectConfigurationPlatforms) = postSolution
		{60D1FA80-00BF-4369-8B02-C07FC452044E}.Debug|Any CPU.ActiveCfg = Debug|Any CPU
		{60D1FA80-00BF-4369-8B02-C07FC452044E}.Debug|Any CPU.Build.0 = Debug|Any CPU
		{60D1FA80-00BF-4369-8B02-C07FC452044E}.Release|Any CPU.ActiveCfg = Release|Any CPU
		{60D1FA80-00BF-4369-8B02-C07FC452044E}.Release|Any CPU.Build.0 = Release|Any CPU
		{53AE57D2-EBC6-4458-9213-324D74136058}.Debug|Any CPU.ActiveCfg = Debug|Any CPU
		{53AE57D2-EBC6-4458-9213-324D74136058}.Debug|Any CPU.Build.0 = Debug|Any CPU
		{53AE57D2-EBC6-4458-9213-324D74136058}.Release|Any CPU.ActiveCfg = Release|Any CPU
		{53AE57D2-EBC6-4458-9213-324D74136058}.Release|Any CPU.Build.0 = Release|Any CPU
		{218A7584-9D4A-4E23-B2F5-B2E20FEF8895}.Debug|Any CPU.ActiveCfg = Debug|Any CPU
		{218A7584-9D4A-4E23-B2F5-B2E20FEF8895}.Debug|Any CPU.Build.0 = Debug|Any CPU
		{218A7584-9D4A-4E23-B2F5-B2E20FEF8895}.Release|Any CPU.ActiveCfg = Release|Any CPU
		{218A7584-9D4A-4E23-B2F5-B2E20FEF8895}.Release|Any CPU.Build.0 = Release|Any CPU
		{AE337CE8-9E51-4437-8B21-F26BE76C9B27}.Debug|Any CPU.ActiveCfg = Debug|Any CPU
		{AE337CE8-9E51-4437-8B21-F26BE76C9B27}.Debug|Any CPU.Build.0 = Debug|Any CPU
		{AE337CE8-9E51-4437-8B21-F26BE76C9B27}.Release|Any CPU.ActiveCfg = Release|Any CPU
		{AE337CE8-9E51-4437-8B21-F26BE76C9B27}.Release|Any CPU.Build.0 = Release|Any CPU
		{7334AB09-0983-4BDB-908E-2DD2BEA021A6}.Debug|Any CPU.ActiveCfg = Debug|Any CPU
		{7334AB09-0983-4BDB-908E-2DD2BEA021A6}.Debug|Any CPU.Build.0 = Debug|Any CPU
		{7334AB09-0983-4BDB-908E-2DD2BEA021A6}.Release|Any CPU.ActiveCfg = Release|Any CPU
		{7334AB09-0983-4BDB-908E-2DD2BEA021A6}.Release|Any CPU.Build.0 = Release|Any CPU
		{9F05D9F1-2AE9-499D-AF40-673FDB41EDD9}.Debug|Any CPU.ActiveCfg = Debug|Any CPU
		{9F05D9F1-2AE9-499D-AF40-673FDB41EDD9}.Debug|Any CPU.Build.0 = Debug|Any CPU
		{9F05D9F1-2AE9-499D-AF40-673FDB41EDD9}.Release|Any CPU.ActiveCfg = Release|Any CPU
		{9F05D9F1-2AE9-499D-AF40-673FDB41EDD9}.Release|Any CPU.Build.0 = Release|Any CPU
		{AFF54644-DF91-400E-9299-6C4A429ED892}.Debug|Any CPU.ActiveCfg = Debug|Any CPU
		{AFF54644-DF91-400E-9299-6C4A429ED892}.Debug|Any CPU.Build.0 = Debug|Any CPU
		{AFF54644-DF91-400E-9299-6C4A429ED892}.Release|Any CPU.ActiveCfg = Release|Any CPU
		{AFF54644-DF91-400E-9299-6C4A429ED892}.Release|Any CPU.Build.0 = Release|Any CPU
		{8F139D4D-56DE-48F8-9075-F6E5CBA1BFF9}.Debug|Any CPU.ActiveCfg = Debug|Any CPU
		{8F139D4D-56DE-48F8-9075-F6E5CBA1BFF9}.Debug|Any CPU.Build.0 = Debug|Any CPU
		{8F139D4D-56DE-48F8-9075-F6E5CBA1BFF9}.Release|Any CPU.ActiveCfg = Release|Any CPU
		{8F139D4D-56DE-48F8-9075-F6E5CBA1BFF9}.Release|Any CPU.Build.0 = Release|Any CPU
		{828DAF81-6B75-4BC4-9F60-F013605B7E09}.Debug|Any CPU.ActiveCfg = Debug|Any CPU
		{828DAF81-6B75-4BC4-9F60-F013605B7E09}.Debug|Any CPU.Build.0 = Debug|Any CPU
		{828DAF81-6B75-4BC4-9F60-F013605B7E09}.Release|Any CPU.ActiveCfg = Release|Any CPU
		{828DAF81-6B75-4BC4-9F60-F013605B7E09}.Release|Any CPU.Build.0 = Release|Any CPU
		{FFDC7AE4-8085-4557-8FD2-62EC2281AD5D}.Debug|Any CPU.ActiveCfg = Debug|Any CPU
		{FFDC7AE4-8085-4557-8FD2-62EC2281AD5D}.Debug|Any CPU.Build.0 = Debug|Any CPU
		{FFDC7AE4-8085-4557-8FD2-62EC2281AD5D}.Release|Any CPU.ActiveCfg = Release|Any CPU
		{FFDC7AE4-8085-4557-8FD2-62EC2281AD5D}.Release|Any CPU.Build.0 = Release|Any CPU
		{8859E9C6-1ED5-468A-9917-E08E9431AD06}.Debug|Any CPU.ActiveCfg = Debug|Any CPU
		{8859E9C6-1ED5-468A-9917-E08E9431AD06}.Debug|Any CPU.Build.0 = Debug|Any CPU
		{8859E9C6-1ED5-468A-9917-E08E9431AD06}.Release|Any CPU.ActiveCfg = Release|Any CPU
		{8859E9C6-1ED5-468A-9917-E08E9431AD06}.Release|Any CPU.Build.0 = Release|Any CPU
		{AFF3745E-1CD8-46BC-B478-42364A3A888F}.Debug|Any CPU.ActiveCfg = Debug|Any CPU
		{AFF3745E-1CD8-46BC-B478-42364A3A888F}.Debug|Any CPU.Build.0 = Debug|Any CPU
		{AFF3745E-1CD8-46BC-B478-42364A3A888F}.Release|Any CPU.ActiveCfg = Release|Any CPU
		{AFF3745E-1CD8-46BC-B478-42364A3A888F}.Release|Any CPU.Build.0 = Release|Any CPU
		{C3A50C1A-ECD5-4ACF-875C-F2DCF14D638A}.Debug|Any CPU.ActiveCfg = Debug|Any CPU
		{C3A50C1A-ECD5-4ACF-875C-F2DCF14D638A}.Debug|Any CPU.Build.0 = Debug|Any CPU
		{C3A50C1A-ECD5-4ACF-875C-F2DCF14D638A}.Release|Any CPU.ActiveCfg = Release|Any CPU
		{C3A50C1A-ECD5-4ACF-875C-F2DCF14D638A}.Release|Any CPU.Build.0 = Release|Any CPU
		{E9FD15D2-DE12-45D1-91C6-4864992DF628}.Debug|Any CPU.ActiveCfg = Debug|Any CPU
		{E9FD15D2-DE12-45D1-91C6-4864992DF628}.Debug|Any CPU.Build.0 = Debug|Any CPU
		{E9FD15D2-DE12-45D1-91C6-4864992DF628}.Release|Any CPU.ActiveCfg = Release|Any CPU
		{E9FD15D2-DE12-45D1-91C6-4864992DF628}.Release|Any CPU.Build.0 = Release|Any CPU
		{04918787-113C-4398-8654-116A8CF68186}.Debug|Any CPU.ActiveCfg = Debug|Any CPU
		{04918787-113C-4398-8654-116A8CF68186}.Debug|Any CPU.Build.0 = Debug|Any CPU
		{04918787-113C-4398-8654-116A8CF68186}.Release|Any CPU.ActiveCfg = Release|Any CPU
		{04918787-113C-4398-8654-116A8CF68186}.Release|Any CPU.Build.0 = Release|Any CPU
		{64B6D090-E54A-4ABC-8154-50199F0C5502}.Debug|Any CPU.ActiveCfg = Debug|Any CPU
		{64B6D090-E54A-4ABC-8154-50199F0C5502}.Debug|Any CPU.Build.0 = Debug|Any CPU
		{64B6D090-E54A-4ABC-8154-50199F0C5502}.Release|Any CPU.ActiveCfg = Release|Any CPU
		{64B6D090-E54A-4ABC-8154-50199F0C5502}.Release|Any CPU.Build.0 = Release|Any CPU
		{2A4A0E46-1A00-4401-88ED-7DA58FC6E5AD}.Debug|Any CPU.ActiveCfg = Debug|Any CPU
		{2A4A0E46-1A00-4401-88ED-7DA58FC6E5AD}.Debug|Any CPU.Build.0 = Debug|Any CPU
		{2A4A0E46-1A00-4401-88ED-7DA58FC6E5AD}.Release|Any CPU.ActiveCfg = Release|Any CPU
		{2A4A0E46-1A00-4401-88ED-7DA58FC6E5AD}.Release|Any CPU.Build.0 = Release|Any CPU
		{4B37FE21-F34B-4FD9-81CC-3CADDAA64B59}.Debug|Any CPU.ActiveCfg = Debug|Any CPU
		{4B37FE21-F34B-4FD9-81CC-3CADDAA64B59}.Debug|Any CPU.Build.0 = Debug|Any CPU
		{4B37FE21-F34B-4FD9-81CC-3CADDAA64B59}.Release|Any CPU.ActiveCfg = Release|Any CPU
		{4B37FE21-F34B-4FD9-81CC-3CADDAA64B59}.Release|Any CPU.Build.0 = Release|Any CPU
		{A8EC8C0E-8935-4222-AF62-7668F7B8AF43}.Debug|Any CPU.ActiveCfg = Debug|Any CPU
		{A8EC8C0E-8935-4222-AF62-7668F7B8AF43}.Debug|Any CPU.Build.0 = Debug|Any CPU
		{A8EC8C0E-8935-4222-AF62-7668F7B8AF43}.Release|Any CPU.ActiveCfg = Release|Any CPU
		{A8EC8C0E-8935-4222-AF62-7668F7B8AF43}.Release|Any CPU.Build.0 = Release|Any CPU
		{14CF7759-92D6-4824-90FC-0CF2051E9F21}.Debug|Any CPU.ActiveCfg = Debug|Any CPU
		{14CF7759-92D6-4824-90FC-0CF2051E9F21}.Debug|Any CPU.Build.0 = Debug|Any CPU
		{14CF7759-92D6-4824-90FC-0CF2051E9F21}.Release|Any CPU.ActiveCfg = Release|Any CPU
		{14CF7759-92D6-4824-90FC-0CF2051E9F21}.Release|Any CPU.Build.0 = Release|Any CPU
		{13DF9CF8-B9E2-4FB1-B5F7-BCB47686AEA2}.Debug|Any CPU.ActiveCfg = Debug|Any CPU
		{13DF9CF8-B9E2-4FB1-B5F7-BCB47686AEA2}.Debug|Any CPU.Build.0 = Debug|Any CPU
		{13DF9CF8-B9E2-4FB1-B5F7-BCB47686AEA2}.Release|Any CPU.ActiveCfg = Release|Any CPU
		{13DF9CF8-B9E2-4FB1-B5F7-BCB47686AEA2}.Release|Any CPU.Build.0 = Release|Any CPU
		{D7A04BC8-80B2-4697-865F-1D5D8F5B6DB5}.Debug|Any CPU.ActiveCfg = Debug|Any CPU
		{D7A04BC8-80B2-4697-865F-1D5D8F5B6DB5}.Debug|Any CPU.Build.0 = Debug|Any CPU
		{D7A04BC8-80B2-4697-865F-1D5D8F5B6DB5}.Release|Any CPU.ActiveCfg = Release|Any CPU
		{D7A04BC8-80B2-4697-865F-1D5D8F5B6DB5}.Release|Any CPU.Build.0 = Release|Any CPU
		{E18D935D-C570-4C6A-AE3D-0454CEB38D5D}.Debug|Any CPU.ActiveCfg = Debug|Any CPU
		{E18D935D-C570-4C6A-AE3D-0454CEB38D5D}.Debug|Any CPU.Build.0 = Debug|Any CPU
		{E18D935D-C570-4C6A-AE3D-0454CEB38D5D}.Release|Any CPU.ActiveCfg = Release|Any CPU
		{E18D935D-C570-4C6A-AE3D-0454CEB38D5D}.Release|Any CPU.Build.0 = Release|Any CPU
		{5BC0C93C-8479-4784-A8A0-F3EA3F7D932B}.Debug|Any CPU.ActiveCfg = Debug|Any CPU
		{5BC0C93C-8479-4784-A8A0-F3EA3F7D932B}.Debug|Any CPU.Build.0 = Debug|Any CPU
		{5BC0C93C-8479-4784-A8A0-F3EA3F7D932B}.Release|Any CPU.ActiveCfg = Release|Any CPU
		{5BC0C93C-8479-4784-A8A0-F3EA3F7D932B}.Release|Any CPU.Build.0 = Release|Any CPU
		{AE36B531-99AE-45F2-A491-8C3709E832AD}.Debug|Any CPU.ActiveCfg = Debug|Any CPU
		{AE36B531-99AE-45F2-A491-8C3709E832AD}.Debug|Any CPU.Build.0 = Debug|Any CPU
		{AE36B531-99AE-45F2-A491-8C3709E832AD}.Release|Any CPU.ActiveCfg = Release|Any CPU
		{AE36B531-99AE-45F2-A491-8C3709E832AD}.Release|Any CPU.Build.0 = Release|Any CPU
		{65BEC4CF-7B16-4C83-8089-2B2E5B076AC5}.Debug|Any CPU.ActiveCfg = Debug|Any CPU
		{65BEC4CF-7B16-4C83-8089-2B2E5B076AC5}.Debug|Any CPU.Build.0 = Debug|Any CPU
		{65BEC4CF-7B16-4C83-8089-2B2E5B076AC5}.Release|Any CPU.ActiveCfg = Release|Any CPU
		{65BEC4CF-7B16-4C83-8089-2B2E5B076AC5}.Release|Any CPU.Build.0 = Release|Any CPU
		{BA3130DE-F13F-4C99-9B02-0E7BD1739AB4}.Debug|Any CPU.ActiveCfg = Debug|Any CPU
		{BA3130DE-F13F-4C99-9B02-0E7BD1739AB4}.Debug|Any CPU.Build.0 = Debug|Any CPU
		{BA3130DE-F13F-4C99-9B02-0E7BD1739AB4}.Release|Any CPU.ActiveCfg = Release|Any CPU
		{BA3130DE-F13F-4C99-9B02-0E7BD1739AB4}.Release|Any CPU.Build.0 = Release|Any CPU
		{C96B0662-C230-41F1-BC43-5BA16A57E40E}.Debug|Any CPU.ActiveCfg = Debug|Any CPU
		{C96B0662-C230-41F1-BC43-5BA16A57E40E}.Debug|Any CPU.Build.0 = Debug|Any CPU
		{C96B0662-C230-41F1-BC43-5BA16A57E40E}.Release|Any CPU.ActiveCfg = Release|Any CPU
		{C96B0662-C230-41F1-BC43-5BA16A57E40E}.Release|Any CPU.Build.0 = Release|Any CPU
		{93ABEE67-FACC-42CA-928E-7A526EE1108F}.Debug|Any CPU.ActiveCfg = Debug|Any CPU
		{93ABEE67-FACC-42CA-928E-7A526EE1108F}.Debug|Any CPU.Build.0 = Debug|Any CPU
		{93ABEE67-FACC-42CA-928E-7A526EE1108F}.Release|Any CPU.ActiveCfg = Release|Any CPU
		{93ABEE67-FACC-42CA-928E-7A526EE1108F}.Release|Any CPU.Build.0 = Release|Any CPU
		{92AF6C31-619F-4CF5-B742-929D7E4F81D6}.Debug|Any CPU.ActiveCfg = Debug|Any CPU
		{92AF6C31-619F-4CF5-B742-929D7E4F81D6}.Debug|Any CPU.Build.0 = Debug|Any CPU
		{92AF6C31-619F-4CF5-B742-929D7E4F81D6}.Release|Any CPU.ActiveCfg = Release|Any CPU
		{92AF6C31-619F-4CF5-B742-929D7E4F81D6}.Release|Any CPU.Build.0 = Release|Any CPU
		{13763049-D7F9-4EEA-9014-AB905726390A}.Debug|Any CPU.ActiveCfg = Debug|Any CPU
		{13763049-D7F9-4EEA-9014-AB905726390A}.Debug|Any CPU.Build.0 = Debug|Any CPU
		{13763049-D7F9-4EEA-9014-AB905726390A}.Release|Any CPU.ActiveCfg = Release|Any CPU
		{13763049-D7F9-4EEA-9014-AB905726390A}.Release|Any CPU.Build.0 = Release|Any CPU
		{36F530DF-9663-47FB-A6FA-A9D52675DB8A}.Debug|Any CPU.ActiveCfg = Debug|Any CPU
		{36F530DF-9663-47FB-A6FA-A9D52675DB8A}.Debug|Any CPU.Build.0 = Debug|Any CPU
		{36F530DF-9663-47FB-A6FA-A9D52675DB8A}.Release|Any CPU.ActiveCfg = Release|Any CPU
		{36F530DF-9663-47FB-A6FA-A9D52675DB8A}.Release|Any CPU.Build.0 = Release|Any CPU
		{D6EE192D-4F62-4DED-AE95-62014DED5B95}.Debug|Any CPU.ActiveCfg = Debug|Any CPU
		{D6EE192D-4F62-4DED-AE95-62014DED5B95}.Debug|Any CPU.Build.0 = Debug|Any CPU
		{D6EE192D-4F62-4DED-AE95-62014DED5B95}.Release|Any CPU.ActiveCfg = Release|Any CPU
		{D6EE192D-4F62-4DED-AE95-62014DED5B95}.Release|Any CPU.Build.0 = Release|Any CPU
		{FA1EB25B-9310-47D8-8957-E2FE55CF3D8E}.Debug|Any CPU.ActiveCfg = Debug|Any CPU
		{FA1EB25B-9310-47D8-8957-E2FE55CF3D8E}.Debug|Any CPU.Build.0 = Debug|Any CPU
		{FA1EB25B-9310-47D8-8957-E2FE55CF3D8E}.Release|Any CPU.ActiveCfg = Release|Any CPU
		{FA1EB25B-9310-47D8-8957-E2FE55CF3D8E}.Release|Any CPU.Build.0 = Release|Any CPU
		{542159E3-5BE1-458F-A71D-2BEC3EECD401}.Debug|Any CPU.ActiveCfg = Debug|Any CPU
		{542159E3-5BE1-458F-A71D-2BEC3EECD401}.Debug|Any CPU.Build.0 = Debug|Any CPU
		{542159E3-5BE1-458F-A71D-2BEC3EECD401}.Release|Any CPU.ActiveCfg = Release|Any CPU
		{542159E3-5BE1-458F-A71D-2BEC3EECD401}.Release|Any CPU.Build.0 = Release|Any CPU
		{B0D2B2CD-7D4C-4F11-B07A-E5D5B56C0316}.Debug|Any CPU.ActiveCfg = Debug|Any CPU
		{B0D2B2CD-7D4C-4F11-B07A-E5D5B56C0316}.Debug|Any CPU.Build.0 = Debug|Any CPU
		{B0D2B2CD-7D4C-4F11-B07A-E5D5B56C0316}.Release|Any CPU.ActiveCfg = Release|Any CPU
		{B0D2B2CD-7D4C-4F11-B07A-E5D5B56C0316}.Release|Any CPU.Build.0 = Release|Any CPU
		{09E508C7-9EDE-4A7F-88E6-22F76672E3EC}.Debug|Any CPU.ActiveCfg = Debug|Any CPU
		{09E508C7-9EDE-4A7F-88E6-22F76672E3EC}.Debug|Any CPU.Build.0 = Debug|Any CPU
		{09E508C7-9EDE-4A7F-88E6-22F76672E3EC}.Release|Any CPU.ActiveCfg = Release|Any CPU
		{09E508C7-9EDE-4A7F-88E6-22F76672E3EC}.Release|Any CPU.Build.0 = Release|Any CPU
		{88C29B6E-B352-4EBC-96D7-C19644C05EF3}.Debug|Any CPU.ActiveCfg = Debug|Any CPU
		{88C29B6E-B352-4EBC-96D7-C19644C05EF3}.Debug|Any CPU.Build.0 = Debug|Any CPU
		{88C29B6E-B352-4EBC-96D7-C19644C05EF3}.Release|Any CPU.ActiveCfg = Release|Any CPU
		{88C29B6E-B352-4EBC-96D7-C19644C05EF3}.Release|Any CPU.Build.0 = Release|Any CPU
		{D11080BA-9790-4B97-AB43-78CCFBBCEC80}.Debug|Any CPU.ActiveCfg = Debug|Any CPU
		{D11080BA-9790-4B97-AB43-78CCFBBCEC80}.Debug|Any CPU.Build.0 = Debug|Any CPU
		{D11080BA-9790-4B97-AB43-78CCFBBCEC80}.Release|Any CPU.ActiveCfg = Release|Any CPU
		{D11080BA-9790-4B97-AB43-78CCFBBCEC80}.Release|Any CPU.Build.0 = Release|Any CPU
		{1DF879AF-F768-4282-ABBB-092D9C347B49}.Debug|Any CPU.ActiveCfg = Debug|Any CPU
		{1DF879AF-F768-4282-ABBB-092D9C347B49}.Debug|Any CPU.Build.0 = Debug|Any CPU
		{1DF879AF-F768-4282-ABBB-092D9C347B49}.Release|Any CPU.ActiveCfg = Release|Any CPU
		{1DF879AF-F768-4282-ABBB-092D9C347B49}.Release|Any CPU.Build.0 = Release|Any CPU
		{205407EC-D2C0-40D7-90D1-F2B1AB25E714}.Debug|Any CPU.ActiveCfg = Debug|Any CPU
		{205407EC-D2C0-40D7-90D1-F2B1AB25E714}.Debug|Any CPU.Build.0 = Debug|Any CPU
		{205407EC-D2C0-40D7-90D1-F2B1AB25E714}.Release|Any CPU.ActiveCfg = Release|Any CPU
		{205407EC-D2C0-40D7-90D1-F2B1AB25E714}.Release|Any CPU.Build.0 = Release|Any CPU
		{2AFB66D3-FEC9-415C-B726-2F82BFB158C1}.Debug|Any CPU.ActiveCfg = Debug|Any CPU
		{2AFB66D3-FEC9-415C-B726-2F82BFB158C1}.Debug|Any CPU.Build.0 = Debug|Any CPU
		{2AFB66D3-FEC9-415C-B726-2F82BFB158C1}.Release|Any CPU.ActiveCfg = Release|Any CPU
		{2AFB66D3-FEC9-415C-B726-2F82BFB158C1}.Release|Any CPU.Build.0 = Release|Any CPU
		{ED5BAD57-AEA3-4B36-8AB7-6D2CC5E1BB98}.Debug|Any CPU.ActiveCfg = Debug|Any CPU
		{ED5BAD57-AEA3-4B36-8AB7-6D2CC5E1BB98}.Debug|Any CPU.Build.0 = Debug|Any CPU
		{ED5BAD57-AEA3-4B36-8AB7-6D2CC5E1BB98}.Release|Any CPU.ActiveCfg = Release|Any CPU
		{ED5BAD57-AEA3-4B36-8AB7-6D2CC5E1BB98}.Release|Any CPU.Build.0 = Release|Any CPU
		{BF8958C8-35E4-478B-BBFC-FAE06BADA930}.Debug|Any CPU.ActiveCfg = Debug|Any CPU
		{BF8958C8-35E4-478B-BBFC-FAE06BADA930}.Debug|Any CPU.Build.0 = Debug|Any CPU
		{BF8958C8-35E4-478B-BBFC-FAE06BADA930}.Release|Any CPU.ActiveCfg = Release|Any CPU
		{BF8958C8-35E4-478B-BBFC-FAE06BADA930}.Release|Any CPU.Build.0 = Release|Any CPU
		{502051ED-89DE-4786-AE04-989CA691475E}.Debug|Any CPU.ActiveCfg = Debug|Any CPU
		{502051ED-89DE-4786-AE04-989CA691475E}.Debug|Any CPU.Build.0 = Debug|Any CPU
		{502051ED-89DE-4786-AE04-989CA691475E}.Release|Any CPU.ActiveCfg = Release|Any CPU
		{502051ED-89DE-4786-AE04-989CA691475E}.Release|Any CPU.Build.0 = Release|Any CPU
		{24D5A0C0-322B-449F-8627-D726E220CDE2}.Debug|Any CPU.ActiveCfg = Debug|Any CPU
		{24D5A0C0-322B-449F-8627-D726E220CDE2}.Debug|Any CPU.Build.0 = Debug|Any CPU
		{24D5A0C0-322B-449F-8627-D726E220CDE2}.Release|Any CPU.ActiveCfg = Release|Any CPU
		{24D5A0C0-322B-449F-8627-D726E220CDE2}.Release|Any CPU.Build.0 = Release|Any CPU
		{13815366-3DA8-4BF5-8F1E-E8F6955FC6F7}.Debug|Any CPU.ActiveCfg = Debug|Any CPU
		{13815366-3DA8-4BF5-8F1E-E8F6955FC6F7}.Debug|Any CPU.Build.0 = Debug|Any CPU
		{13815366-3DA8-4BF5-8F1E-E8F6955FC6F7}.Release|Any CPU.ActiveCfg = Release|Any CPU
		{13815366-3DA8-4BF5-8F1E-E8F6955FC6F7}.Release|Any CPU.Build.0 = Release|Any CPU
		{B516DD0B-0EA6-4A27-99C1-5E61F0941D95}.Debug|Any CPU.ActiveCfg = Debug|Any CPU
		{B516DD0B-0EA6-4A27-99C1-5E61F0941D95}.Debug|Any CPU.Build.0 = Debug|Any CPU
		{B516DD0B-0EA6-4A27-99C1-5E61F0941D95}.Release|Any CPU.ActiveCfg = Release|Any CPU
		{B516DD0B-0EA6-4A27-99C1-5E61F0941D95}.Release|Any CPU.Build.0 = Release|Any CPU
		{B4776A10-1DC9-4546-B2B6-CD3FF10FC519}.Debug|Any CPU.ActiveCfg = Debug|Any CPU
		{B4776A10-1DC9-4546-B2B6-CD3FF10FC519}.Debug|Any CPU.Build.0 = Debug|Any CPU
		{B4776A10-1DC9-4546-B2B6-CD3FF10FC519}.Release|Any CPU.ActiveCfg = Release|Any CPU
		{B4776A10-1DC9-4546-B2B6-CD3FF10FC519}.Release|Any CPU.Build.0 = Release|Any CPU
		{72B1C06B-2380-4A43-9E28-B266398CDA80}.Debug|Any CPU.ActiveCfg = Debug|Any CPU
		{72B1C06B-2380-4A43-9E28-B266398CDA80}.Debug|Any CPU.Build.0 = Debug|Any CPU
		{72B1C06B-2380-4A43-9E28-B266398CDA80}.Release|Any CPU.ActiveCfg = Release|Any CPU
		{72B1C06B-2380-4A43-9E28-B266398CDA80}.Release|Any CPU.Build.0 = Release|Any CPU
		{4926549D-C2A1-4BBE-9DE3-353AC860AB80}.Debug|Any CPU.ActiveCfg = Debug|Any CPU
		{4926549D-C2A1-4BBE-9DE3-353AC860AB80}.Debug|Any CPU.Build.0 = Debug|Any CPU
		{4926549D-C2A1-4BBE-9DE3-353AC860AB80}.Release|Any CPU.ActiveCfg = Release|Any CPU
		{4926549D-C2A1-4BBE-9DE3-353AC860AB80}.Release|Any CPU.Build.0 = Release|Any CPU
		{2F475EE8-E1FD-49B8-A9CD-7FA981EE63D1}.Debug|Any CPU.ActiveCfg = Debug|Any CPU
		{2F475EE8-E1FD-49B8-A9CD-7FA981EE63D1}.Debug|Any CPU.Build.0 = Debug|Any CPU
		{2F475EE8-E1FD-49B8-A9CD-7FA981EE63D1}.Release|Any CPU.ActiveCfg = Release|Any CPU
		{2F475EE8-E1FD-49B8-A9CD-7FA981EE63D1}.Release|Any CPU.Build.0 = Release|Any CPU
		{F78A032A-B246-406A-B284-F6CDFA98EA05}.Debug|Any CPU.ActiveCfg = Debug|Any CPU
		{F78A032A-B246-406A-B284-F6CDFA98EA05}.Debug|Any CPU.Build.0 = Debug|Any CPU
		{F78A032A-B246-406A-B284-F6CDFA98EA05}.Release|Any CPU.ActiveCfg = Release|Any CPU
		{F78A032A-B246-406A-B284-F6CDFA98EA05}.Release|Any CPU.Build.0 = Release|Any CPU
		{E45DD1C0-C4E1-474A-8EC5-4C6547AB3482}.Debug|Any CPU.ActiveCfg = Debug|Any CPU
		{E45DD1C0-C4E1-474A-8EC5-4C6547AB3482}.Debug|Any CPU.Build.0 = Debug|Any CPU
		{E45DD1C0-C4E1-474A-8EC5-4C6547AB3482}.Release|Any CPU.ActiveCfg = Release|Any CPU
		{E45DD1C0-C4E1-474A-8EC5-4C6547AB3482}.Release|Any CPU.Build.0 = Release|Any CPU
		{E63E4C86-044E-484F-A49E-9D6C954EC922}.Debug|Any CPU.ActiveCfg = Debug|Any CPU
		{E63E4C86-044E-484F-A49E-9D6C954EC922}.Debug|Any CPU.Build.0 = Debug|Any CPU
		{E63E4C86-044E-484F-A49E-9D6C954EC922}.Release|Any CPU.ActiveCfg = Release|Any CPU
		{E63E4C86-044E-484F-A49E-9D6C954EC922}.Release|Any CPU.Build.0 = Release|Any CPU
		{2BDAB706-8BAA-45D4-8DE3-69DF6251599F}.Debug|Any CPU.ActiveCfg = Debug|Any CPU
		{2BDAB706-8BAA-45D4-8DE3-69DF6251599F}.Debug|Any CPU.Build.0 = Debug|Any CPU
		{2BDAB706-8BAA-45D4-8DE3-69DF6251599F}.Release|Any CPU.ActiveCfg = Release|Any CPU
		{2BDAB706-8BAA-45D4-8DE3-69DF6251599F}.Release|Any CPU.Build.0 = Release|Any CPU
		{A1DC9EB3-1D96-4419-8AEB-798FB9C9DADF}.Debug|Any CPU.ActiveCfg = Debug|Any CPU
		{A1DC9EB3-1D96-4419-8AEB-798FB9C9DADF}.Debug|Any CPU.Build.0 = Debug|Any CPU
		{A1DC9EB3-1D96-4419-8AEB-798FB9C9DADF}.Release|Any CPU.ActiveCfg = Release|Any CPU
		{A1DC9EB3-1D96-4419-8AEB-798FB9C9DADF}.Release|Any CPU.Build.0 = Release|Any CPU
		{0C3E93DE-302D-46F7-A05F-1E0B8E72C633}.Debug|Any CPU.ActiveCfg = Debug|Any CPU
		{0C3E93DE-302D-46F7-A05F-1E0B8E72C633}.Debug|Any CPU.Build.0 = Debug|Any CPU
		{0C3E93DE-302D-46F7-A05F-1E0B8E72C633}.Release|Any CPU.ActiveCfg = Release|Any CPU
		{0C3E93DE-302D-46F7-A05F-1E0B8E72C633}.Release|Any CPU.Build.0 = Release|Any CPU
		{96E51AA4-2523-406C-A7CE-4DED46D028A0}.Debug|Any CPU.ActiveCfg = Debug|Any CPU
		{96E51AA4-2523-406C-A7CE-4DED46D028A0}.Debug|Any CPU.Build.0 = Debug|Any CPU
		{96E51AA4-2523-406C-A7CE-4DED46D028A0}.Release|Any CPU.ActiveCfg = Release|Any CPU
		{96E51AA4-2523-406C-A7CE-4DED46D028A0}.Release|Any CPU.Build.0 = Release|Any CPU
		{C26C9E1E-0E6E-40BC-9994-BECCBF0DB5C9}.Debug|Any CPU.ActiveCfg = Debug|Any CPU
		{C26C9E1E-0E6E-40BC-9994-BECCBF0DB5C9}.Debug|Any CPU.Build.0 = Debug|Any CPU
		{C26C9E1E-0E6E-40BC-9994-BECCBF0DB5C9}.Release|Any CPU.ActiveCfg = Release|Any CPU
		{C26C9E1E-0E6E-40BC-9994-BECCBF0DB5C9}.Release|Any CPU.Build.0 = Release|Any CPU
		{50F43BE1-D7A1-44C6-BE19-C50E1C9EA4D3}.Debug|Any CPU.ActiveCfg = Debug|Any CPU
		{50F43BE1-D7A1-44C6-BE19-C50E1C9EA4D3}.Debug|Any CPU.Build.0 = Debug|Any CPU
		{50F43BE1-D7A1-44C6-BE19-C50E1C9EA4D3}.Release|Any CPU.ActiveCfg = Release|Any CPU
		{50F43BE1-D7A1-44C6-BE19-C50E1C9EA4D3}.Release|Any CPU.Build.0 = Release|Any CPU
		{8B90D2FC-17CB-4DEC-A995-036C794DDAC0}.Debug|Any CPU.ActiveCfg = Debug|Any CPU
		{8B90D2FC-17CB-4DEC-A995-036C794DDAC0}.Debug|Any CPU.Build.0 = Debug|Any CPU
		{8B90D2FC-17CB-4DEC-A995-036C794DDAC0}.Release|Any CPU.ActiveCfg = Release|Any CPU
		{8B90D2FC-17CB-4DEC-A995-036C794DDAC0}.Release|Any CPU.Build.0 = Release|Any CPU
		{FF08D51F-46F4-4E26-8F17-AD37E3452A15}.Debug|Any CPU.ActiveCfg = Debug|Any CPU
		{FF08D51F-46F4-4E26-8F17-AD37E3452A15}.Debug|Any CPU.Build.0 = Debug|Any CPU
		{FF08D51F-46F4-4E26-8F17-AD37E3452A15}.Release|Any CPU.ActiveCfg = Release|Any CPU
		{FF08D51F-46F4-4E26-8F17-AD37E3452A15}.Release|Any CPU.Build.0 = Release|Any CPU
		{275B6B27-057F-462D-89DA-7D2C14601965}.Debug|Any CPU.ActiveCfg = Debug|Any CPU
		{275B6B27-057F-462D-89DA-7D2C14601965}.Debug|Any CPU.Build.0 = Debug|Any CPU
		{275B6B27-057F-462D-89DA-7D2C14601965}.Release|Any CPU.ActiveCfg = Release|Any CPU
		{275B6B27-057F-462D-89DA-7D2C14601965}.Release|Any CPU.Build.0 = Release|Any CPU
		{54E262FE-41E1-450A-BE3C-159CD8EA7E34}.Debug|Any CPU.ActiveCfg = Debug|Any CPU
		{54E262FE-41E1-450A-BE3C-159CD8EA7E34}.Debug|Any CPU.Build.0 = Debug|Any CPU
		{54E262FE-41E1-450A-BE3C-159CD8EA7E34}.Release|Any CPU.ActiveCfg = Release|Any CPU
		{54E262FE-41E1-450A-BE3C-159CD8EA7E34}.Release|Any CPU.Build.0 = Release|Any CPU
		{749B29BB-A057-45F1-89F4-E205C37FD0E2}.Debug|Any CPU.ActiveCfg = Debug|Any CPU
		{749B29BB-A057-45F1-89F4-E205C37FD0E2}.Debug|Any CPU.Build.0 = Debug|Any CPU
		{749B29BB-A057-45F1-89F4-E205C37FD0E2}.Release|Any CPU.ActiveCfg = Release|Any CPU
		{749B29BB-A057-45F1-89F4-E205C37FD0E2}.Release|Any CPU.Build.0 = Release|Any CPU
	EndGlobalSection
	GlobalSection(SolutionProperties) = preSolution
		HideSolutionNode = FALSE
	EndGlobalSection
	GlobalSection(NestedProjects) = preSolution
		{60D1FA80-00BF-4369-8B02-C07FC452044E} = {46B83766-5901-45EC-8084-90FD176AB014}
		{53AE57D2-EBC6-4458-9213-324D74136058} = {46B83766-5901-45EC-8084-90FD176AB014}
		{218A7584-9D4A-4E23-B2F5-B2E20FEF8895} = {46B83766-5901-45EC-8084-90FD176AB014}
		{AE337CE8-9E51-4437-8B21-F26BE76C9B27} = {46B83766-5901-45EC-8084-90FD176AB014}
		{7334AB09-0983-4BDB-908E-2DD2BEA021A6} = {46B83766-5901-45EC-8084-90FD176AB014}
		{9F05D9F1-2AE9-499D-AF40-673FDB41EDD9} = {46B83766-5901-45EC-8084-90FD176AB014}
		{AFF54644-DF91-400E-9299-6C4A429ED892} = {46B83766-5901-45EC-8084-90FD176AB014}
		{8F139D4D-56DE-48F8-9075-F6E5CBA1BFF9} = {46B83766-5901-45EC-8084-90FD176AB014}
		{828DAF81-6B75-4BC4-9F60-F013605B7E09} = {46B83766-5901-45EC-8084-90FD176AB014}
		{FFDC7AE4-8085-4557-8FD2-62EC2281AD5D} = {46B83766-5901-45EC-8084-90FD176AB014}
		{8859E9C6-1ED5-468A-9917-E08E9431AD06} = {46B83766-5901-45EC-8084-90FD176AB014}
		{AFF3745E-1CD8-46BC-B478-42364A3A888F} = {46B83766-5901-45EC-8084-90FD176AB014}
		{C3A50C1A-ECD5-4ACF-875C-F2DCF14D638A} = {46B83766-5901-45EC-8084-90FD176AB014}
		{E9FD15D2-DE12-45D1-91C6-4864992DF628} = {46B83766-5901-45EC-8084-90FD176AB014}
		{04918787-113C-4398-8654-116A8CF68186} = {46B83766-5901-45EC-8084-90FD176AB014}
		{64B6D090-E54A-4ABC-8154-50199F0C5502} = {46B83766-5901-45EC-8084-90FD176AB014}
		{2A4A0E46-1A00-4401-88ED-7DA58FC6E5AD} = {46B83766-5901-45EC-8084-90FD176AB014}
		{4B37FE21-F34B-4FD9-81CC-3CADDAA64B59} = {72C07A56-B108-4989-8135-FDC2691F586F}
		{A8EC8C0E-8935-4222-AF62-7668F7B8AF43} = {72C07A56-B108-4989-8135-FDC2691F586F}
		{14CF7759-92D6-4824-90FC-0CF2051E9F21} = {72C07A56-B108-4989-8135-FDC2691F586F}
		{13DF9CF8-B9E2-4FB1-B5F7-BCB47686AEA2} = {72C07A56-B108-4989-8135-FDC2691F586F}
		{D7A04BC8-80B2-4697-865F-1D5D8F5B6DB5} = {72C07A56-B108-4989-8135-FDC2691F586F}
		{E18D935D-C570-4C6A-AE3D-0454CEB38D5D} = {E70D5D77-0107-4289-9C10-389A50B123CF}
		{5BC0C93C-8479-4784-A8A0-F3EA3F7D932B} = {E70D5D77-0107-4289-9C10-389A50B123CF}
		{AE36B531-99AE-45F2-A491-8C3709E832AD} = {E70D5D77-0107-4289-9C10-389A50B123CF}
		{65BEC4CF-7B16-4C83-8089-2B2E5B076AC5} = {E70D5D77-0107-4289-9C10-389A50B123CF}
		{BA3130DE-F13F-4C99-9B02-0E7BD1739AB4} = {E70D5D77-0107-4289-9C10-389A50B123CF}
		{C96B0662-C230-41F1-BC43-5BA16A57E40E} = {E70D5D77-0107-4289-9C10-389A50B123CF}
		{93ABEE67-FACC-42CA-928E-7A526EE1108F} = {E70D5D77-0107-4289-9C10-389A50B123CF}
		{92AF6C31-619F-4CF5-B742-929D7E4F81D6} = {E70D5D77-0107-4289-9C10-389A50B123CF}
		{13763049-D7F9-4EEA-9014-AB905726390A} = {E70D5D77-0107-4289-9C10-389A50B123CF}
		{36F530DF-9663-47FB-A6FA-A9D52675DB8A} = {E70D5D77-0107-4289-9C10-389A50B123CF}
		{D6EE192D-4F62-4DED-AE95-62014DED5B95} = {E70D5D77-0107-4289-9C10-389A50B123CF}
		{FA1EB25B-9310-47D8-8957-E2FE55CF3D8E} = {E70D5D77-0107-4289-9C10-389A50B123CF}
		{542159E3-5BE1-458F-A71D-2BEC3EECD401} = {E70D5D77-0107-4289-9C10-389A50B123CF}
		{B0D2B2CD-7D4C-4F11-B07A-E5D5B56C0316} = {E70D5D77-0107-4289-9C10-389A50B123CF}
		{09E508C7-9EDE-4A7F-88E6-22F76672E3EC} = {4AAFA62E-AF7D-4E11-B4BB-6D81942FC44B}
		{88C29B6E-B352-4EBC-96D7-C19644C05EF3} = {4AAFA62E-AF7D-4E11-B4BB-6D81942FC44B}
		{D11080BA-9790-4B97-AB43-78CCFBBCEC80} = {4AAFA62E-AF7D-4E11-B4BB-6D81942FC44B}
		{1DF879AF-F768-4282-ABBB-092D9C347B49} = {4AAFA62E-AF7D-4E11-B4BB-6D81942FC44B}
		{205407EC-D2C0-40D7-90D1-F2B1AB25E714} = {4AAFA62E-AF7D-4E11-B4BB-6D81942FC44B}
		{2AFB66D3-FEC9-415C-B726-2F82BFB158C1} = {4AAFA62E-AF7D-4E11-B4BB-6D81942FC44B}
		{ED5BAD57-AEA3-4B36-8AB7-6D2CC5E1BB98} = {4AAFA62E-AF7D-4E11-B4BB-6D81942FC44B}
		{BF8958C8-35E4-478B-BBFC-FAE06BADA930} = {4AAFA62E-AF7D-4E11-B4BB-6D81942FC44B}
		{502051ED-89DE-4786-AE04-989CA691475E} = {4AAFA62E-AF7D-4E11-B4BB-6D81942FC44B}
		{24D5A0C0-322B-449F-8627-D726E220CDE2} = {4AAFA62E-AF7D-4E11-B4BB-6D81942FC44B}
		{13815366-3DA8-4BF5-8F1E-E8F6955FC6F7} = {4AAFA62E-AF7D-4E11-B4BB-6D81942FC44B}
		{B516DD0B-0EA6-4A27-99C1-5E61F0941D95} = {4AAFA62E-AF7D-4E11-B4BB-6D81942FC44B}
		{B4776A10-1DC9-4546-B2B6-CD3FF10FC519} = {4AAFA62E-AF7D-4E11-B4BB-6D81942FC44B}
		{72B1C06B-2380-4A43-9E28-B266398CDA80} = {174BCFEC-F95E-4641-8B9A-54820980EB00}
		{4926549D-C2A1-4BBE-9DE3-353AC860AB80} = {174BCFEC-F95E-4641-8B9A-54820980EB00}
		{2F475EE8-E1FD-49B8-A9CD-7FA981EE63D1} = {174BCFEC-F95E-4641-8B9A-54820980EB00}
		{F78A032A-B246-406A-B284-F6CDFA98EA05} = {174BCFEC-F95E-4641-8B9A-54820980EB00}
		{E45DD1C0-C4E1-474A-8EC5-4C6547AB3482} = {174BCFEC-F95E-4641-8B9A-54820980EB00}
		{E63E4C86-044E-484F-A49E-9D6C954EC922} = {174BCFEC-F95E-4641-8B9A-54820980EB00}
		{2BDAB706-8BAA-45D4-8DE3-69DF6251599F} = {174BCFEC-F95E-4641-8B9A-54820980EB00}
		{A1DC9EB3-1D96-4419-8AEB-798FB9C9DADF} = {174BCFEC-F95E-4641-8B9A-54820980EB00}
		{0C3E93DE-302D-46F7-A05F-1E0B8E72C633} = {174BCFEC-F95E-4641-8B9A-54820980EB00}
		{96E51AA4-2523-406C-A7CE-4DED46D028A0} = {174BCFEC-F95E-4641-8B9A-54820980EB00}
		{C26C9E1E-0E6E-40BC-9994-BECCBF0DB5C9} = {174BCFEC-F95E-4641-8B9A-54820980EB00}
		{50F43BE1-D7A1-44C6-BE19-C50E1C9EA4D3} = {174BCFEC-F95E-4641-8B9A-54820980EB00}
		{8B90D2FC-17CB-4DEC-A995-036C794DDAC0} = {174BCFEC-F95E-4641-8B9A-54820980EB00}
		{FF08D51F-46F4-4E26-8F17-AD37E3452A15} = {C475BA0A-7086-426E-B3E6-32767C76ABE8}
		{275B6B27-057F-462D-89DA-7D2C14601965} = {C475BA0A-7086-426E-B3E6-32767C76ABE8}
		{54E262FE-41E1-450A-BE3C-159CD8EA7E34} = {C475BA0A-7086-426E-B3E6-32767C76ABE8}
		{749B29BB-A057-45F1-89F4-E205C37FD0E2} = {C475BA0A-7086-426E-B3E6-32767C76ABE8}
	EndGlobalSection
	GlobalSection(ExtensibilityGlobals) = postSolution
		SolutionGuid = {9510AD0A-9E45-49B8-9FFD-6FB8E3CD1DDC}
	EndGlobalSection
EndGlobal
