
Microsoft Visual Studio Solution File, Format Version 12.00
# Visual Studio Version 17
VisualStudioVersion = 17.5.002.0
MinimumVisualStudioVersion = 10.0.40219.1
Project("{2150E333-8FDC-42A3-9474-1A3956D46DE8}") = "csharp-hello_world", "csharp-hello_world", "{A8D4C1BB-6405-48C1-901B-AB26B4F2521B}"
EndProject
Project("{9A19103F-16F7-4668-BE54-9A1E7A4F7556}") = "2-new_project", "csharp-hello_world\2-new_project\2-new_project.csproj", "{E966AF5F-B2BC-4459-A407-9EE8DB52879C}"
EndProject
Project("{9A19103F-16F7-4668-BE54-9A1E7A4F7556}") = "3-writeline", "csharp-hello_world\3-writeline\3-writeline.csproj", "{C3F63A1D-7181-44AD-A3F6-ED7AD26252E4}"
EndProject
Project("{9A19103F-16F7-4668-BE54-9A1E7A4F7556}") = "1-new_project", "csharp-hello_world\1-new_project\1-new_project.csproj", "{F6B3E3D5-8F0D-4B16-B2F3-CD027D0C120F}"
EndProject
Project("{9A19103F-16F7-4668-BE54-9A1E7A4F7556}") = "0-new_project", "csharp-hello_world\0-new_project\0-new_project.csproj", "{6E4E8D41-43C8-4A58-9CC8-193A7F727856}"
EndProject
Global
	GlobalSection(SolutionConfigurationPlatforms) = preSolution
		Debug|Any CPU = Debug|Any CPU
		Release|Any CPU = Release|Any CPU
	EndGlobalSection
	GlobalSection(ProjectConfigurationPlatforms) = postSolution
		{E966AF5F-B2BC-4459-A407-9EE8DB52879C}.Debug|Any CPU.ActiveCfg = Debug|Any CPU
		{E966AF5F-B2BC-4459-A407-9EE8DB52879C}.Debug|Any CPU.Build.0 = Debug|Any CPU
		{E966AF5F-B2BC-4459-A407-9EE8DB52879C}.Release|Any CPU.ActiveCfg = Release|Any CPU
		{E966AF5F-B2BC-4459-A407-9EE8DB52879C}.Release|Any CPU.Build.0 = Release|Any CPU
		{C3F63A1D-7181-44AD-A3F6-ED7AD26252E4}.Debug|Any CPU.ActiveCfg = Debug|Any CPU
		{C3F63A1D-7181-44AD-A3F6-ED7AD26252E4}.Debug|Any CPU.Build.0 = Debug|Any CPU
		{C3F63A1D-7181-44AD-A3F6-ED7AD26252E4}.Release|Any CPU.ActiveCfg = Release|Any CPU
		{C3F63A1D-7181-44AD-A3F6-ED7AD26252E4}.Release|Any CPU.Build.0 = Release|Any CPU
		{F6B3E3D5-8F0D-4B16-B2F3-CD027D0C120F}.Debug|Any CPU.ActiveCfg = Debug|Any CPU
		{F6B3E3D5-8F0D-4B16-B2F3-CD027D0C120F}.Debug|Any CPU.Build.0 = Debug|Any CPU
		{F6B3E3D5-8F0D-4B16-B2F3-CD027D0C120F}.Release|Any CPU.ActiveCfg = Release|Any CPU
		{F6B3E3D5-8F0D-4B16-B2F3-CD027D0C120F}.Release|Any CPU.Build.0 = Release|Any CPU
		{6E4E8D41-43C8-4A58-9CC8-193A7F727856}.Debug|Any CPU.ActiveCfg = Debug|Any CPU
		{6E4E8D41-43C8-4A58-9CC8-193A7F727856}.Debug|Any CPU.Build.0 = Debug|Any CPU
		{6E4E8D41-43C8-4A58-9CC8-193A7F727856}.Release|Any CPU.ActiveCfg = Release|Any CPU
		{6E4E8D41-43C8-4A58-9CC8-193A7F727856}.Release|Any CPU.Build.0 = Release|Any CPU
	EndGlobalSection
	GlobalSection(SolutionProperties) = preSolution
		HideSolutionNode = FALSE
	EndGlobalSection
	GlobalSection(NestedProjects) = preSolution
		{E966AF5F-B2BC-4459-A407-9EE8DB52879C} = {A8D4C1BB-6405-48C1-901B-AB26B4F2521B}
		{C3F63A1D-7181-44AD-A3F6-ED7AD26252E4} = {A8D4C1BB-6405-48C1-901B-AB26B4F2521B}
		{F6B3E3D5-8F0D-4B16-B2F3-CD027D0C120F} = {A8D4C1BB-6405-48C1-901B-AB26B4F2521B}
		{6E4E8D41-43C8-4A58-9CC8-193A7F727856} = {A8D4C1BB-6405-48C1-901B-AB26B4F2521B}
	EndGlobalSection
	GlobalSection(ExtensibilityGlobals) = postSolution
		SolutionGuid = {706120C0-B235-4421-8D73-3AD09B67F5A0}
	EndGlobalSection
EndGlobal
